
Microsoft Visual Studio Solution File, Format Version 12.00
# Visual Studio 15
VisualStudioVersion = 15.0.28307.1433
MinimumVisualStudioVersion = 10.0.40219.1
Project("{FAE04EC0-301F-11D3-BF4B-00C04F79EFBC}") = "USP_Congig_generator", "USP_Congig_generator\USP_Congig_generator.csproj", "{B22CAF4E-1FE8-40F1-8013-407A3633F09A}"
EndProject
Global
	GlobalSection(SolutionConfigurationPlatforms) = preSolution
		Debug|Any CPU = Debug|Any CPU
		Release|Any CPU = Release|Any CPU
	EndGlobalSection
	GlobalSection(ProjectConfigurationPlatforms) = postSolution
		{B22CAF4E-1FE8-40F1-8013-407A3633F09A}.Debug|Any CPU.ActiveCfg = Debug|Any CPU
		{B22CAF4E-1FE8-40F1-8013-407A3633F09A}.Debug|Any CPU.Build.0 = Debug|Any CPU
		{B22CAF4E-1FE8-40F1-8013-407A3633F09A}.Release|Any CPU.ActiveCfg = Release|Any CPU
		{B22CAF4E-1FE8-40F1-8013-407A3633F09A}.Release|Any CPU.Build.0 = Release|Any CPU
	EndGlobalSection
	GlobalSection(SolutionProperties) = preSolution
		HideSolutionNode = FALSE
	EndGlobalSection
	GlobalSection(ExtensibilityGlobals) = postSolution
		SolutionGuid = {4ADDCC98-7F42-42A8-9BCC-C278E775B539}
	EndGlobalSection
EndGlobal
